
Microsoft Visual Studio Solution File, Format Version 12.00
# Visual Studio 14
VisualStudioVersion = 14.0.25420.1
MinimumVisualStudioVersion = 10.0.40219.1
Project("{8BC9CEB8-8B4A-11D0-8D11-00A0C91BC942}") = "ProcmonProject", "ProcmonProject\ProcmonProject.vcxproj", "{C745198E-2B1A-4343-9744-D8D3709263DD}"
EndProject
Project("{8BC9CEB8-8B4A-11D0-8D11-00A0C91BC942}") = "CommonCppLib", "CommonCppLib\CommonCppLib.vcxproj", "{B0C51717-53C9-41AD-8C49-2EDE8CD67D98}"
EndProject
Project("{8BC9CEB8-8B4A-11D0-8D11-00A0C91BC942}") = "ProcmonFlt", "ProcmonFlt\ProcmonFlt.vcxproj", "{46AEBFAC-3384-4941-84AB-42456042432E}"
EndProject
Global
	GlobalSection(SolutionConfigurationPlatforms) = preSolution
		Debug|ARM = Debug|ARM
		Debug|ARM64 = Debug|ARM64
		Debug|x64 = Debug|x64
		Debug|x86 = Debug|x86
		Release|ARM = Release|ARM
		Release|ARM64 = Release|ARM64
		Release|x64 = Release|x64
		Release|x86 = Release|x86
	EndGlobalSection
	GlobalSection(ProjectConfigurationPlatforms) = postSolution
		{C745198E-2B1A-4343-9744-D8D3709263DD}.Debug|ARM.ActiveCfg = Debug|Win32
		{C745198E-2B1A-4343-9744-D8D3709263DD}.Debug|ARM64.ActiveCfg = Debug|Win32
		{C745198E-2B1A-4343-9744-D8D3709263DD}.Debug|x64.ActiveCfg = Debug|x64
		{C745198E-2B1A-4343-9744-D8D3709263DD}.Debug|x64.Build.0 = Debug|x64
		{C745198E-2B1A-4343-9744-D8D3709263DD}.Debug|x86.ActiveCfg = Debug|Win32
		{C745198E-2B1A-4343-9744-D8D3709263DD}.Debug|x86.Build.0 = Debug|Win32
		{C745198E-2B1A-4343-9744-D8D3709263DD}.Release|ARM.ActiveCfg = Release|Win32
		{C745198E-2B1A-4343-9744-D8D3709263DD}.Release|ARM64.ActiveCfg = Release|Win32
		{C745198E-2B1A-4343-9744-D8D3709263DD}.Release|x64.ActiveCfg = Release|x64
		{C745198E-2B1A-4343-9744-D8D3709263DD}.Release|x64.Build.0 = Release|x64
		{C745198E-2B1A-4343-9744-D8D3709263DD}.Release|x86.ActiveCfg = Release|Win32
		{C745198E-2B1A-4343-9744-D8D3709263DD}.Release|x86.Build.0 = Release|Win32
		{B0C51717-53C9-41AD-8C49-2EDE8CD67D98}.Debug|ARM.ActiveCfg = Debug|Win32
		{B0C51717-53C9-41AD-8C49-2EDE8CD67D98}.Debug|ARM64.ActiveCfg = Debug|Win32
		{B0C51717-53C9-41AD-8C49-2EDE8CD67D98}.Debug|x64.ActiveCfg = Debug|x64
		{B0C51717-53C9-41AD-8C49-2EDE8CD67D98}.Debug|x64.Build.0 = Debug|x64
		{B0C51717-53C9-41AD-8C49-2EDE8CD67D98}.Debug|x86.ActiveCfg = Debug|Win32
		{B0C51717-53C9-41AD-8C49-2EDE8CD67D98}.Debug|x86.Build.0 = Debug|Win32
		{B0C51717-53C9-41AD-8C49-2EDE8CD67D98}.Release|ARM.ActiveCfg = Release|Win32
		{B0C51717-53C9-41AD-8C49-2EDE8CD67D98}.Release|ARM64.ActiveCfg = Release|Win32
		{B0C51717-53C9-41AD-8C49-2EDE8CD67D98}.Release|x64.ActiveCfg = Release|x64
		{B0C51717-53C9-41AD-8C49-2EDE8CD67D98}.Release|x64.Build.0 = Release|x64
		{B0C51717-53C9-41AD-8C49-2EDE8CD67D98}.Release|x86.ActiveCfg = Release|Win32
		{B0C51717-53C9-41AD-8C49-2EDE8CD67D98}.Release|x86.Build.0 = Release|Win32
		{46AEBFAC-3384-4941-84AB-42456042432E}.Debug|ARM.ActiveCfg = Debug|ARM
		{46AEBFAC-3384-4941-84AB-42456042432E}.Debug|ARM.Build.0 = Debug|ARM
		{46AEBFAC-3384-4941-84AB-42456042432E}.Debug|ARM.Deploy.0 = Debug|ARM
		{46AEBFAC-3384-4941-84AB-42456042432E}.Debug|ARM64.ActiveCfg = Debug|ARM64
		{46AEBFAC-3384-4941-84AB-42456042432E}.Debug|ARM64.Build.0 = Debug|ARM64
		{46AEBFAC-3384-4941-84AB-42456042432E}.Debug|ARM64.Deploy.0 = Debug|ARM64
		{46AEBFAC-3384-4941-84AB-42456042432E}.Debug|x64.ActiveCfg = Debug|x64
		{46AEBFAC-3384-4941-84AB-42456042432E}.Debug|x64.Build.0 = Debug|x64
		{46AEBFAC-3384-4941-84AB-42456042432E}.Debug|x64.Deploy.0 = Debug|x64
		{46AEBFAC-3384-4941-84AB-42456042432E}.Debug|x86.ActiveCfg = Debug|Win32
		{46AEBFAC-3384-4941-84AB-42456042432E}.Debug|x86.Build.0 = Debug|Win32
		{46AEBFAC-3384-4941-84AB-42456042432E}.Debug|x86.Deploy.0 = Debug|Win32
		{46AEBFAC-3384-4941-84AB-42456042432E}.Release|ARM.ActiveCfg = Release|ARM
		{46AEBFAC-3384-4941-84AB-42456042432E}.Release|ARM.Build.0 = Release|ARM
		{46AEBFAC-3384-4941-84AB-42456042432E}.Release|ARM.Deploy.0 = Release|ARM
		{46AEBFAC-3384-4941-84AB-42456042432E}.Release|ARM64.ActiveCfg = Release|ARM64
		{46AEBFAC-3384-4941-84AB-42456042432E}.Release|ARM64.Build.0 = Release|ARM64
		{46AEBFAC-3384-4941-84AB-42456042432E}.Release|ARM64.Deploy.0 = Release|ARM64
		{46AEBFAC-3384-4941-84AB-42456042432E}.Release|x64.ActiveCfg = Release|x64
		{46AEBFAC-3384-4941-84AB-42456042432E}.Release|x64.Build.0 = Release|x64
		{46AEBFAC-3384-4941-84AB-42456042432E}.Release|x64.Deploy.0 = Release|x64
		{46AEBFAC-3384-4941-84AB-42456042432E}.Release|x86.ActiveCfg = Release|Win32
		{46AEBFAC-3384-4941-84AB-42456042432E}.Release|x86.Build.0 = Release|Win32
		{46AEBFAC-3384-4941-84AB-42456042432E}.Release|x86.Deploy.0 = Release|Win32
	EndGlobalSection
	GlobalSection(SolutionProperties) = preSolution
		HideSolutionNode = FALSE
	EndGlobalSection
EndGlobal
